
Microsoft Visual Studio Solution File, Format Version 12.00
# Visual Studio Version 16
VisualStudioVersion = 16.0.29324.140
MinimumVisualStudioVersion = 10.0.40219.1
Project("{9A19103F-16F7-4668-BE54-9A1E7A4F7556}") = "test", "test.csproj", "{804AB340-D6B0-44B3-96EE-CB29F0992CB3}"
EndProject
Global
	GlobalSection(SolutionConfigurationPlatforms) = preSolution
		Debug|Any CPU = Debug|Any CPU
		Release|Any CPU = Release|Any CPU
	EndGlobalSection
	GlobalSection(ProjectConfigurationPlatforms) = postSolution
		{804AB340-D6B0-44B3-96EE-CB29F0992CB3}.Debug|Any CPU.ActiveCfg = Debug|Any CPU
		{804AB340-D6B0-44B3-96EE-CB29F0992CB3}.Debug|Any CPU.Build.0 = Debug|Any CPU
		{804AB340-D6B0-44B3-96EE-CB29F0992CB3}.Release|Any CPU.ActiveCfg = Release|Any CPU
		{804AB340-D6B0-44B3-96EE-CB29F0992CB3}.Release|Any CPU.Build.0 = Release|Any CPU
	EndGlobalSection
	GlobalSection(SolutionProperties) = preSolution
		HideSolutionNode = FALSE
	EndGlobalSection
	GlobalSection(ExtensibilityGlobals) = postSolution
		SolutionGuid = {60E43BE3-FFC8-416F-8200-7EB01C1801BC}
	EndGlobalSection
EndGlobal
